
Microsoft Visual Studio Solution File, Format Version 12.00
# Visual Studio Version 17
VisualStudioVersion = 17.14.36623.8 d17.14
MinimumVisualStudioVersion = 10.0.40219.1
Project("{FAE04EC0-301F-11D3-BF4B-00C04F79EFBC}") = "FundamentosPOO_ITM", "FundamentosPOO_ITM.csproj", "{DA04D290-090D-45AB-BD7B-05277F6254FC}"
EndProject
Global
	GlobalSection(SolutionConfigurationPlatforms) = preSolution
		Debug|Any CPU = Debug|Any CPU
		Release|Any CPU = Release|Any CPU
	EndGlobalSection
	GlobalSection(ProjectConfigurationPlatforms) = postSolution
		{DA04D290-090D-45AB-BD7B-05277F6254FC}.Debug|Any CPU.ActiveCfg = Debug|Any CPU
		{DA04D290-090D-45AB-BD7B-05277F6254FC}.Debug|Any CPU.Build.0 = Debug|Any CPU
		{DA04D290-090D-45AB-BD7B-05277F6254FC}.Release|Any CPU.ActiveCfg = Release|Any CPU
		{DA04D290-090D-45AB-BD7B-05277F6254FC}.Release|Any CPU.Build.0 = Release|Any CPU
	EndGlobalSection
	GlobalSection(SolutionProperties) = preSolution
		HideSolutionNode = FALSE
	EndGlobalSection
	GlobalSection(ExtensibilityGlobals) = postSolution
		SolutionGuid = {F080A483-49D8-444D-8997-EBF17F28C5E2}
	EndGlobalSection
EndGlobal
